
Microsoft Visual Studio Solution File, Format Version 11.00
# Visual Studio 2010
Project("{FAE04EC0-301F-11D3-BF4B-00C04F79EFBC}") = "GmusicbrowserRemote", "GmusicbrowserRemote\GmusicbrowserRemote.csproj", "{AEB47793-2420-492F-ADF1-FE7D0905C4DB}"
EndProject
Project("{FAE04EC0-301F-11D3-BF4B-00C04F79EFBC}") = "RestSharp", "dependencies\RestSharp\RestSharp\RestSharp.csproj", "{2ECECFBF-5F3E-40EE-A963-72336DC7ABE2}"
EndProject
Global
	GlobalSection(SolutionConfigurationPlatforms) = preSolution
		Debug|Any CPU = Debug|Any CPU
		Release|Any CPU = Release|Any CPU
	EndGlobalSection
	GlobalSection(ProjectConfigurationPlatforms) = postSolution
		{2ECECFBF-5F3E-40EE-A963-72336DC7ABE2}.Debug|Any CPU.ActiveCfg = Debug|Any CPU
		{2ECECFBF-5F3E-40EE-A963-72336DC7ABE2}.Debug|Any CPU.Build.0 = Debug|Any CPU
		{2ECECFBF-5F3E-40EE-A963-72336DC7ABE2}.Release|Any CPU.ActiveCfg = Release|Any CPU
		{2ECECFBF-5F3E-40EE-A963-72336DC7ABE2}.Release|Any CPU.Build.0 = Release|Any CPU
		{AEB47793-2420-492F-ADF1-FE7D0905C4DB}.Debug|Any CPU.ActiveCfg = Debug|Any CPU
		{AEB47793-2420-492F-ADF1-FE7D0905C4DB}.Debug|Any CPU.Build.0 = Debug|Any CPU
		{AEB47793-2420-492F-ADF1-FE7D0905C4DB}.Release|Any CPU.ActiveCfg = Release|Any CPU
		{AEB47793-2420-492F-ADF1-FE7D0905C4DB}.Release|Any CPU.Build.0 = Release|Any CPU
	EndGlobalSection
	GlobalSection(MonoDevelopProperties) = preSolution
		StartupItem = GmusicbrowserRemote\GmusicbrowserRemote.csproj
	EndGlobalSection
EndGlobal
